{
  "nodes": {
    "channels": {
      "inputs": {
        "nixpkgs": "nixpkgs",
        "nixpkgs-unstable": "nixpkgs-unstable"
      },
      "locked": {
        "path": "../../channels",
        "type": "path"
      },
      "original": {
        "path": "../../channels",
        "type": "path"
      },
      "parent": [
        "nix-devenv"
      ]
    },
    "flake-utils": {
      "inputs": {
        "systems": "systems"
      },
      "locked": {
        "lastModified": 1731533236,
        "narHash": "sha256-l0KFg5HjrsfsO/JpG+r7fRrqm12kzFHyUHqHCVpMMbI=",
        "owner": "numtide",
        "repo": "flake-utils",
        "rev": "11707dc2f618dd54ca8739b309ec4fc024de578b",
        "type": "github"
      },
      "original": {
        "owner": "numtide",
        "repo": "flake-utils",
        "type": "github"
      }
    },
    "homelab-contracts": {
      "inputs": {
        "flake-utils": "flake-utils",
        "nixpkgs": [
          "nix-devenv",
          "nixpkgs"
        ]
      },
      "locked": {
        "lastModified": 1791224800,
        "narHash": "sha256-p66jm7053xGjk7kTzH4hkWsG5y4uJWYGltSDqX0Wbbo=",
        "owner": "dryvist",
        "repo": "homelab-contracts",
        "rev": "2dd80c425347daa98fc581a486f43142fb827d6a",
        "type": "github"
      },
      "original": {
        "owner": "dryvist",
        "repo": "homelab-contracts",
        "type": "github"
      }
    },
    "nix-devenv": {
      "inputs": {
        "channels": "channels",
        "homelab-contracts": "homelab-contracts",
        "nixpkgs": [
          "nix-devenv",
          "channels",
          "nixpkgs"
        ],
        "nixpkgs-unstable": [
          "nix-devenv",
          "channels",
          "nixpkgs-unstable"
        ]
      },
      "locked": {
        "dir": "shells/tofu",
        "lastModified": 1791556907,
        "narHash": "sha256-1DXej4u1e1QSYwrZjHnd0nQB0napiUn97g+4ziuoUsU=",
        "owner": "dryvist",
        "repo": "nix-devenv",
        "rev": "b964183d17c541cde8687dbba924f8a8ebe11d4d",
        "type": "github"
      },
      "original": {
        "dir": "shells/tofu",
        "owner": "dryvist",
        "ref": "v0",
        "repo": "nix-devenv",
        "type": "github"
      }
    },
    "nixpkgs": {
      "locked": {
        "lastModified": 1791447531,
        "narHash": "sha256-AsoGS8G2y3shwAtQWQhgV4Fa3uw6qzFejfqSblOGkhE=",
        "owner": "nixos",
        "repo": "nixpkgs",
        "rev": "55afc4c3adc7194df3b96d43b7d18bf8131bfcfa",
        "type": "github"
      },
      "original": {
        "owner": "nixos",
        "ref": "nixpkgs-26.05-darwin",
        "repo": "nixpkgs",
        "type": "github"
      }
    },
    "nixpkgs-unstable": {
      "locked": {
        "lastModified": 1791366222,
        "narHash": "sha256-o0N4g6uSOIppU7CGToNvGlMf5vC+B6O6ukFHKY/TKOY=",
        "owner": "nixos",
        "repo": "nixpkgs",
        "rev": "39ad350a0602fa0a58a544344e3e9187526ea45c",
        "type": "github"
      },
      "original": {
        "owner": "nixos",
        "ref": "nixpkgs-unstable",
        "repo": "nixpkgs",
        "type": "github"
      }
    },
    "root": {
      "inputs": {
        "nix-devenv": "nix-devenv"
      }
    },
    "systems": {
      "locked": {
        "lastModified": 1681028828,
        "narHash": "sha256-Vy1rq5AaRuLzOxct8nz4T6wlgyUR7zLU309k9mBC768=",
        "owner": "nix-systems",
        "repo": "default",
        "rev": "da67096a3b9bf56a91d16901293e51ba5b49a27e",
        "type": "github"
      },
      "original": {
        "owner": "nix-systems",
        "repo": "default",
        "type": "github"
      }
    }
  },
  "root": "root",
  "version": 7
}
